
Microsoft Visual Studio Solution File, Format Version 12.00
Project("{FAE04EC0-301F-11D3-BF4B-00C04F79EFBC}") = "BridgeEngine", "BridgeEngine\BridgeEngine.csproj", "{31213AF6-E5E5-45A1-9A73-F2ACCFEF5B22}"
EndProject
Global
	GlobalSection(SolutionConfigurationPlatforms) = preSolution
		Debug|Any CPU = Debug|Any CPU
		Release|Any CPU = Release|Any CPU
	EndGlobalSection
	GlobalSection(ProjectConfigurationPlatforms) = postSolution
		{31213AF6-E5E5-45A1-9A73-F2ACCFEF5B22}.Debug|Any CPU.ActiveCfg = Debug|Any CPU
		{31213AF6-E5E5-45A1-9A73-F2ACCFEF5B22}.Debug|Any CPU.Build.0 = Debug|Any CPU
		{31213AF6-E5E5-45A1-9A73-F2ACCFEF5B22}.Release|Any CPU.ActiveCfg = Release|Any CPU
		{31213AF6-E5E5-45A1-9A73-F2ACCFEF5B22}.Release|Any CPU.Build.0 = Release|Any CPU
	EndGlobalSection
EndGlobal
