
Microsoft Visual Studio Solution File, Format Version 12.00
Project("{FAE04EC0-301F-11D3-BF4B-00C04F79EFBC}") = "BridgeEngine", "BridgeEngine\BridgeEngine.csproj", "{860A5BBC-4044-4219-B5DF-9784688866EA}"
EndProject
Global
	GlobalSection(SolutionConfigurationPlatforms) = preSolution
		Debug|Any CPU = Debug|Any CPU
		Release|Any CPU = Release|Any CPU
	EndGlobalSection
	GlobalSection(ProjectConfigurationPlatforms) = postSolution
		{860A5BBC-4044-4219-B5DF-9784688866EA}.Debug|Any CPU.ActiveCfg = Debug|Any CPU
		{860A5BBC-4044-4219-B5DF-9784688866EA}.Debug|Any CPU.Build.0 = Debug|Any CPU
		{860A5BBC-4044-4219-B5DF-9784688866EA}.Release|Any CPU.ActiveCfg = Release|Any CPU
		{860A5BBC-4044-4219-B5DF-9784688866EA}.Release|Any CPU.Build.0 = Release|Any CPU
	EndGlobalSection
EndGlobal
